// !$*UTF8*$!
{
	archiveVersion = 1;
	classes = {
	};
	objectVersion = 56;
	objects = {

/* Begin PBXBuildFile section */
		65065A552BF3A9740004AEF2 /* AppDelegate.swift in Sources */ = {isa = PBXBuildFile; fileRef = 65065A542BF3A9740004AEF2 /* AppDelegate.swift */; };
		65065A592BF3A9740004AEF2 /* HomeViewController.swift in Sources */ = {isa = PBXBuildFile; fileRef = 65065A582BF3A9740004AEF2 /* HomeViewController.swift */; };
		65065A5E2BF3A9750004AEF2 /* Assets.xcassets in Resources */ = {isa = PBXBuildFile; fileRef = 65065A5D2BF3A9750004AEF2 /* Assets.xcassets */; };
		65065A612BF3A9750004AEF2 /* Base in Resources */ = {isa = PBXBuildFile; fileRef = 65065A602BF3A9750004AEF2 /* Base */; };
		655BE35D2BF3B1C7001D8F29 /* HomeViewModel.swift in Sources */ = {isa = PBXBuildFile; fileRef = 655BE35C2BF3B1C7001D8F29 /* HomeViewModel.swift */; };
		655BE35F2BF3B21E001D8F29 /* HomePresenter.swift in Sources */ = {isa = PBXBuildFile; fileRef = 655BE35E2BF3B21E001D8F29 /* HomePresenter.swift */; };
		655BE3622BF3B47D001D8F29 /* DetailViewController.swift in Sources */ = {isa = PBXBuildFile; fileRef = 655BE3612BF3B47D001D8F29 /* DetailViewController.swift */; };
		655BE3642BF3B489001D8F29 /* DetailViewModel.swift in Sources */ = {isa = PBXBuildFile; fileRef = 655BE3632BF3B489001D8F29 /* DetailViewModel.swift */; };
		655BE3662BF3B494001D8F29 /* DetailViewPresenter.swift in Sources */ = {isa = PBXBuildFile; fileRef = 655BE3652BF3B494001D8F29 /* DetailViewPresenter.swift */; };
		655BE37A2BF3BD9D001D8F29 /* WeatherService.swift in Sources */ = {isa = PBXBuildFile; fileRef = 655BE3792BF3BD9D001D8F29 /* WeatherService.swift */; };
		655BE37C2BF3C401001D8F29 /* WeatherForecast.swift in Sources */ = {isa = PBXBuildFile; fileRef = 655BE37B2BF3C401001D8F29 /* WeatherForecast.swift */; };
/* End PBXBuildFile section */

/* Begin PBXFileReference section */
		65065A512BF3A9740004AEF2 /* Weather.app */ = {isa = PBXFileReference; explicitFileType = wrapper.application; includeInIndex = 0; path = Weather.app; sourceTree = BUILT_PRODUCTS_DIR; };
		65065A542BF3A9740004AEF2 /* AppDelegate.swift */ = {isa = PBXFileReference; lastKnownFileType = sourcecode.swift; path = AppDelegate.swift; sourceTree = "<group>"; };
		65065A582BF3A9740004AEF2 /* HomeViewController.swift */ = {isa = PBXFileReference; lastKnownFileType = sourcecode.swift; path = HomeViewController.swift; sourceTree = "<group>"; };
		65065A5D2BF3A9750004AEF2 /* Assets.xcassets */ = {isa = PBXFileReference; lastKnownFileType = folder.assetcatalog; path = Assets.xcassets; sourceTree = "<group>"; };
		65065A602BF3A9750004AEF2 /* Base */ = {isa = PBXFileReference; lastKnownFileType = file.storyboard; name = Base; path = Base.lproj/LaunchScreen.storyboard; sourceTree = "<group>"; };
		655BE35C2BF3B1C7001D8F29 /* HomeViewModel.swift */ = {isa = PBXFileReference; lastKnownFileType = sourcecode.swift; path = HomeViewModel.swift; sourceTree = "<group>"; };
		655BE35E2BF3B21E001D8F29 /* HomePresenter.swift */ = {isa = PBXFileReference; lastKnownFileType = sourcecode.swift; path = HomePresenter.swift; sourceTree = "<group>"; };
		655BE3612BF3B47D001D8F29 /* DetailViewController.swift */ = {isa = PBXFileReference; lastKnownFileType = sourcecode.swift; path = DetailViewController.swift; sourceTree = "<group>"; };
		655BE3632BF3B489001D8F29 /* DetailViewModel.swift */ = {isa = PBXFileReference; lastKnownFileType = sourcecode.swift; path = DetailViewModel.swift; sourceTree = "<group>"; };
		655BE3652BF3B494001D8F29 /* DetailViewPresenter.swift */ = {isa = PBXFileReference; lastKnownFileType = sourcecode.swift; path = DetailViewPresenter.swift; sourceTree = "<group>"; };
		655BE3792BF3BD9D001D8F29 /* WeatherService.swift */ = {isa = PBXFileReference; lastKnownFileType = sourcecode.swift; path = WeatherService.swift; sourceTree = "<group>"; };
		655BE37B2BF3C401001D8F29 /* WeatherForecast.swift */ = {isa = PBXFileReference; lastKnownFileType = sourcecode.swift; path = WeatherForecast.swift; sourceTree = "<group>"; };
/* End PBXFileReference section */

/* Begin PBXFrameworksBuildPhase section */
		65065A4E2BF3A9740004AEF2 /* Frameworks */ = {
			isa = PBXFrameworksBuildPhase;
			buildActionMask = 2147483647;
			files = (
			);
			runOnlyForDeploymentPostprocessing = 0;
		};
/* End PBXFrameworksBuildPhase section */

/* Begin PBXGroup section */
		65065A482BF3A9740004AEF2 = {
			isa = PBXGroup;
			children = (
				65065A532BF3A9740004AEF2 /* Weather */,
				65065A522BF3A9740004AEF2 /* Products */,
				655BE3702BF3B847001D8F29 /* Frameworks */,
			);
			sourceTree = "<group>";
		};
		65065A522BF3A9740004AEF2 /* Products */ = {
			isa = PBXGroup;
			children = (
				65065A512BF3A9740004AEF2 /* Weather.app */,
			);
			name = Products;
			sourceTree = "<group>";
		};
		65065A532BF3A9740004AEF2 /* Weather */ = {
			isa = PBXGroup;
			children = (
				65065A542BF3A9740004AEF2 /* AppDelegate.swift */,
				655BE3792BF3BD9D001D8F29 /* WeatherService.swift */,
				655BE37B2BF3C401001D8F29 /* WeatherForecast.swift */,
				655BE35B2BF3B1AA001D8F29 /* Home */,
				655BE3602BF3B469001D8F29 /* Detail */,
				655BE35A2BF3AE70001D8F29 /* Resources */,
			);
			path = Weather;
			sourceTree = "<group>";
		};
		655BE35A2BF3AE70001D8F29 /* Resources */ = {
			isa = PBXGroup;
			children = (
				65065A5D2BF3A9750004AEF2 /* Assets.xcassets */,
				65065A5F2BF3A9750004AEF2 /* LaunchScreen.storyboard */,
			);
			path = Resources;
			sourceTree = "<group>";
		};
		655BE35B2BF3B1AA001D8F29 /* Home */ = {
			isa = PBXGroup;
			children = (
				65065A582BF3A9740004AEF2 /* HomeViewController.swift */,
				655BE35C2BF3B1C7001D8F29 /* HomeViewModel.swift */,
				655BE35E2BF3B21E001D8F29 /* HomePresenter.swift */,
			);
			path = Home;
			sourceTree = "<group>";
		};
		655BE3602BF3B469001D8F29 /* Detail */ = {
			isa = PBXGroup;
			children = (
				655BE3612BF3B47D001D8F29 /* DetailViewController.swift */,
				655BE3632BF3B489001D8F29 /* DetailViewModel.swift */,
				655BE3652BF3B494001D8F29 /* DetailViewPresenter.swift */,
			);
			path = Detail;
			sourceTree = "<group>";
		};
		655BE3702BF3B847001D8F29 /* Frameworks */ = {
			isa = PBXGroup;
			children = (
			);
			name = Frameworks;
			sourceTree = "<group>";
		};
/* End PBXGroup section */

/* Begin PBXNativeTarget section */
		65065A502BF3A9740004AEF2 /* Weather */ = {
			isa = PBXNativeTarget;
			buildConfigurationList = 65065A7B2BF3A9750004AEF2 /* Build configuration list for PBXNativeTarget "Weather" */;
			buildPhases = (
				65065A4D2BF3A9740004AEF2 /* Sources */,
				65065A4E2BF3A9740004AEF2 /* Frameworks */,
				65065A4F2BF3A9740004AEF2 /* Resources */,
			);
			buildRules = (
			);
			dependencies = (
			);
			name = Weather;
			packageProductDependencies = (
			);
			productName = Weather;
			productReference = 65065A512BF3A9740004AEF2 /* Weather.app */;
			productType = "com.apple.product-type.application";
		};
/* End PBXNativeTarget section */

/* Begin PBXProject section */
		65065A492BF3A9740004AEF2 /* Project object */ = {
			isa = PBXProject;
			attributes = {
				BuildIndependentTargetsInParallel = 1;
				LastSwiftUpdateCheck = 1540;
				LastUpgradeCheck = 1540;
				TargetAttributes = {
					65065A502BF3A9740004AEF2 = {
						CreatedOnToolsVersion = 15.4;
					};
				};
			};
			buildConfigurationList = 65065A4C2BF3A9740004AEF2 /* Build configuration list for PBXProject "Weather" */;
			compatibilityVersion = "Xcode 14.0";
			developmentRegion = en;
			hasScannedForEncodings = 0;
			knownRegions = (
				en,
				Base,
			);
			mainGroup = 65065A482BF3A9740004AEF2;
			packageReferences = (
				655BE36F2BF3B7B1001D8F29 /* XCRemoteSwiftPackageReference "RxSwift" */,
			);
			productRefGroup = 65065A522BF3A9740004AEF2 /* Products */;
			projectDirPath = "";
			projectRoot = "";
			targets = (
				65065A502BF3A9740004AEF2 /* Weather */,
			);
		};
/* End PBXProject section */

/* Begin PBXResourcesBuildPhase section */
		65065A4F2BF3A9740004AEF2 /* Resources */ = {
			isa = PBXResourcesBuildPhase;
			buildActionMask = 2147483647;
			files = (
				65065A5E2BF3A9750004AEF2 /* Assets.xcassets in Resources */,
				65065A612BF3A9750004AEF2 /* Base in Resources */,
			);
			runOnlyForDeploymentPostprocessing = 0;
		};
/* End PBXResourcesBuildPhase section */

/* Begin PBXSourcesBuildPhase section */
		65065A4D2BF3A9740004AEF2 /* Sources */ = {
			isa = PBXSourcesBuildPhase;
			buildActionMask = 2147483647;
			files = (
				655BE37C2BF3C401001D8F29 /* WeatherForecast.swift in Sources */,
				655BE37A2BF3BD9D001D8F29 /* WeatherService.swift in Sources */,
				65065A592BF3A9740004AEF2 /* HomeViewController.swift in Sources */,
				655BE3642BF3B489001D8F29 /* DetailViewModel.swift in Sources */,
				655BE35D2BF3B1C7001D8F29 /* HomeViewModel.swift in Sources */,
				655BE3622BF3B47D001D8F29 /* DetailViewController.swift in Sources */,
				65065A552BF3A9740004AEF2 /* AppDelegate.swift in Sources */,
				655BE35F2BF3B21E001D8F29 /* HomePresenter.swift in Sources */,
				655BE3662BF3B494001D8F29 /* DetailViewPresenter.swift in Sources */,
			);
			runOnlyForDeploymentPostprocessing = 0;
		};
/* End PBXSourcesBuildPhase section */

/* Begin PBXVariantGroup section */
		65065A5F2BF3A9750004AEF2 /* LaunchScreen.storyboard */ = {
			isa = PBXVariantGroup;
			children = (
				65065A602BF3A9750004AEF2 /* Base */,
			);
			name = LaunchScreen.storyboard;
			sourceTree = "<group>";
		};
/* End PBXVariantGroup section */

/* Begin XCBuildConfiguration section */
		65065A792BF3A9750004AEF2 /* Debug */ = {
			isa = XCBuildConfiguration;
			buildSettings = {
				ALWAYS_SEARCH_USER_PATHS = NO;
				ASSETCATALOG_COMPILER_GENERATE_SWIFT_ASSET_SYMBOL_EXTENSIONS = YES;
				CLANG_ANALYZER_NONNULL = YES;
				CLANG_ANALYZER_NUMBER_OBJECT_CONVERSION = YES_AGGRESSIVE;
				CLANG_CXX_LANGUAGE_STANDARD = "gnu++20";
				CLANG_ENABLE_MODULES = YES;
				CLANG_ENABLE_OBJC_ARC = YES;
				CLANG_ENABLE_OBJC_WEAK = YES;
				CLANG_WARN_BLOCK_CAPTURE_AUTORELEASING = YES;
				CLANG_WARN_BOOL_CONVERSION = YES;
				CLANG_WARN_COMMA = YES;
				CLANG_WARN_CONSTANT_CONVERSION = YES;
				CLANG_WARN_DEPRECATED_OBJC_IMPLEMENTATIONS = YES;
				CLANG_WARN_DIRECT_OBJC_ISA_USAGE = YES_ERROR;
				CLANG_WARN_DOCUMENTATION_COMMENTS = YES;
				CLANG_WARN_EMPTY_BODY = YES;
				CLANG_WARN_ENUM_CONVERSION = YES;
				CLANG_WARN_INFINITE_RECURSION = YES;
				CLANG_WARN_INT_CONVERSION = YES;
				CLANG_WARN_NON_LITERAL_NULL_CONVERSION = YES;
				CLANG_WARN_OBJC_IMPLICIT_RETAIN_SELF = YES;
				CLANG_WARN_OBJC_LITERAL_CONVERSION = YES;
				CLANG_WARN_OBJC_ROOT_CLASS = YES_ERROR;
				CLANG_WARN_QUOTED_INCLUDE_IN_FRAMEWORK_HEADER = YES;
				CLANG_WARN_RANGE_LOOP_ANALYSIS = YES;
				CLANG_WARN_STRICT_PROTOTYPES = YES;
				CLANG_WARN_SUSPICIOUS_MOVE = YES;
				CLANG_WARN_UNGUARDED_AVAILABILITY = YES_AGGRESSIVE;
				CLANG_WARN_UNREACHABLE_CODE = YES;
				CLANG_WARN__DUPLICATE_METHOD_MATCH = YES;
				COPY_PHASE_STRIP = NO;
				DEBUG_INFORMATION_FORMAT = dwarf;
				ENABLE_STRICT_OBJC_MSGSEND = YES;
				ENABLE_TESTABILITY = YES;
				ENABLE_USER_SCRIPT_SANDBOXING = YES;
				GCC_C_LANGUAGE_STANDARD = gnu17;
				GCC_DYNAMIC_NO_PIC = NO;
				GCC_NO_COMMON_BLOCKS = YES;
				GCC_OPTIMIZATION_LEVEL = 0;
				GCC_PREPROCESSOR_DEFINITIONS = (
					"DEBUG=1",
					"$(inherited)",
				);
				GCC_WARN_64_TO_32_BIT_CONVERSION = YES;
				GCC_WARN_ABOUT_RETURN_TYPE = YES_ERROR;
				GCC_WARN_UNDECLARED_SELECTOR = YES;
				GCC_WARN_UNINITIALIZED_AUTOS = YES_AGGRESSIVE;
				GCC_WARN_UNUSED_FUNCTION = YES;
				GCC_WARN_UNUSED_VARIABLE = YES;
				IPHONEOS_DEPLOYMENT_TARGET = 17.5;
				LOCALIZATION_PREFERS_STRING_CATALOGS = YES;
				MTL_ENABLE_DEBUG_INFO = INCLUDE_SOURCE;
				MTL_FAST_MATH = YES;
				ONLY_ACTIVE_ARCH = YES;
				SDKROOT = iphoneos;
				SWIFT_ACTIVE_COMPILATION_CONDITIONS = "DEBUG $(inherited)";
				SWIFT_OPTIMIZATION_LEVEL = "-Onone";
			};
			name = Debug;
		};
		65065A7A2BF3A9750004AEF2 /* Release */ = {
			isa = XCBuildConfiguration;
			buildSettings = {
				ALWAYS_SEARCH_USER_PATHS = NO;
				ASSETCATALOG_COMPILER_GENERATE_SWIFT_ASSET_SYMBOL_EXTENSIONS = YES;
				CLANG_ANALYZER_NONNULL = YES;
				CLANG_ANALYZER_NUMBER_OBJECT_CONVERSION = YES_AGGRESSIVE;
				CLANG_CXX_LANGUAGE_STANDARD = "gnu++20";
				CLANG_ENABLE_MODULES = YES;
				CLANG_ENABLE_OBJC_ARC = YES;
				CLANG_ENABLE_OBJC_WEAK = YES;
				CLANG_WARN_BLOCK_CAPTURE_AUTORELEASING = YES;
				CLANG_WARN_BOOL_CONVERSION = YES;
				CLANG_WARN_COMMA = YES;
				CLANG_WARN_CONSTANT_CONVERSION = YES;
				CLANG_WARN_DEPRECATED_OBJC_IMPLEMENTATIONS = YES;
				CLANG_WARN_DIRECT_OBJC_ISA_USAGE = YES_ERROR;
				CLANG_WARN_DOCUMENTATION_COMMENTS = YES;
				CLANG_WARN_EMPTY_BODY = YES;
				CLANG_WARN_ENUM_CONVERSION = YES;
				CLANG_WARN_INFINITE_RECURSION = YES;
				CLANG_WARN_INT_CONVERSION = YES;
				CLANG_WARN_NON_LITERAL_NULL_CONVERSION = YES;
				CLANG_WARN_OBJC_IMPLICIT_RETAIN_SELF = YES;
				CLANG_WARN_OBJC_LITERAL_CONVERSION = YES;
				CLANG_WARN_OBJC_ROOT_CLASS = YES_ERROR;
				CLANG_WARN_QUOTED_INCLUDE_IN_FRAMEWORK_HEADER = YES;
				CLANG_WARN_RANGE_LOOP_ANALYSIS = YES;
				CLANG_WARN_STRICT_PROTOTYPES = YES;
				CLANG_WARN_SUSPICIOUS_MOVE = YES;
				CLANG_WARN_UNGUARDED_AVAILABILITY = YES_AGGRESSIVE;
				CLANG_WARN_UNREACHABLE_CODE = YES;
				CLANG_WARN__DUPLICATE_METHOD_MATCH = YES;
				COPY_PHASE_STRIP = NO;
				DEBUG_INFORMATION_FORMAT = "dwarf-with-dsym";
				ENABLE_NS_ASSERTIONS = NO;
				ENABLE_STRICT_OBJC_MSGSEND = YES;
				ENABLE_USER_SCRIPT_SANDBOXING = YES;
				GCC_C_LANGUAGE_STANDARD = gnu17;
				GCC_NO_COMMON_BLOCKS = YES;
				GCC_WARN_64_TO_32_BIT_CONVERSION = YES;
				GCC_WARN_ABOUT_RETURN_TYPE = YES_ERROR;
				GCC_WARN_UNDECLARED_SELECTOR = YES;
				GCC_WARN_UNINITIALIZED_AUTOS = YES_AGGRESSIVE;
				GCC_WARN_UNUSED_FUNCTION = YES;
				GCC_WARN_UNUSED_VARIABLE = YES;
				IPHONEOS_DEPLOYMENT_TARGET = 17.5;
				LOCALIZATION_PREFERS_STRING_CATALOGS = YES;
				MTL_ENABLE_DEBUG_INFO = NO;
				MTL_FAST_MATH = YES;
				SDKROOT = iphoneos;
				SWIFT_COMPILATION_MODE = wholemodule;
				VALIDATE_PRODUCT = YES;
			};
			name = Release;
		};
		65065A7C2BF3A9750004AEF2 /* Debug */ = {
			isa = XCBuildConfiguration;
			buildSettings = {
				ASSETCATALOG_COMPILER_APPICON_NAME = AppIcon;
				ASSETCATALOG_COMPILER_GLOBAL_ACCENT_COLOR_NAME = AccentColor;
				CODE_SIGN_STYLE = Automatic;
				CURRENT_PROJECT_VERSION = 1;
				DEVELOPMENT_TEAM = 5ELVSN39EP;
				GENERATE_INFOPLIST_FILE = YES;
				INFOPLIST_FILE = "";
				INFOPLIST_KEY_UIApplicationSupportsIndirectInputEvents = YES;
				INFOPLIST_KEY_UILaunchStoryboardName = LaunchScreen;
				INFOPLIST_KEY_UISupportedInterfaceOrientations_iPad = "UIInterfaceOrientationPortrait UIInterfaceOrientationPortraitUpsideDown UIInterfaceOrientationLandscapeLeft UIInterfaceOrientationLandscapeRight";
				INFOPLIST_KEY_UISupportedInterfaceOrientations_iPhone = "UIInterfaceOrientationPortrait UIInterfaceOrientationLandscapeLeft UIInterfaceOrientationLandscapeRight";
				IPHONEOS_DEPLOYMENT_TARGET = 17.0;
				LD_RUNPATH_SEARCH_PATHS = (
					"$(inherited)",
					"@executable_path/Frameworks",
				);
				MARKETING_VERSION = 1.0;
				PRODUCT_BUNDLE_IDENTIFIER = app.sobieskidev.Weather;
				PRODUCT_NAME = "$(TARGET_NAME)";
				SWIFT_EMIT_LOC_STRINGS = YES;
				SWIFT_VERSION = 5.0;
				TARGETED_DEVICE_FAMILY = "1,2";
			};
			name = Debug;
		};
		65065A7D2BF3A9750004AEF2 /* Release */ = {
			isa = XCBuildConfiguration;
			buildSettings = {
				ASSETCATALOG_COMPILER_APPICON_NAME = AppIcon;
				ASSETCATALOG_COMPILER_GLOBAL_ACCENT_COLOR_NAME = AccentColor;
				CODE_SIGN_STYLE = Automatic;
				CURRENT_PROJECT_VERSION = 1;
				DEVELOPMENT_TEAM = 5ELVSN39EP;
				GENERATE_INFOPLIST_FILE = YES;
				INFOPLIST_FILE = "";
				INFOPLIST_KEY_UIApplicationSupportsIndirectInputEvents = YES;
				INFOPLIST_KEY_UILaunchStoryboardName = LaunchScreen;
				INFOPLIST_KEY_UISupportedInterfaceOrientations_iPad = "UIInterfaceOrientationPortrait UIInterfaceOrientationPortraitUpsideDown UIInterfaceOrientationLandscapeLeft UIInterfaceOrientationLandscapeRight";
				INFOPLIST_KEY_UISupportedInterfaceOrientations_iPhone = "UIInterfaceOrientationPortrait UIInterfaceOrientationLandscapeLeft UIInterfaceOrientationLandscapeRight";
				IPHONEOS_DEPLOYMENT_TARGET = 17.0;
				LD_RUNPATH_SEARCH_PATHS = (
					"$(inherited)",
					"@executable_path/Frameworks",
				);
				MARKETING_VERSION = 1.0;
				PRODUCT_BUNDLE_IDENTIFIER = app.sobieskidev.Weather;
				PRODUCT_NAME = "$(TARGET_NAME)";
				SWIFT_EMIT_LOC_STRINGS = YES;
				SWIFT_VERSION = 5.0;
				TARGETED_DEVICE_FAMILY = "1,2";
			};
			name = Release;
		};
/* End XCBuildConfiguration section */

/* Begin XCConfigurationList section */
		65065A4C2BF3A9740004AEF2 /* Build configuration list for PBXProject "Weather" */ = {
			isa = XCConfigurationList;
			buildConfigurations = (
				65065A792BF3A9750004AEF2 /* Debug */,
				65065A7A2BF3A9750004AEF2 /* Release */,
			);
			defaultConfigurationIsVisible = 0;
			defaultConfigurationName = Release;
		};
		65065A7B2BF3A9750004AEF2 /* Build configuration list for PBXNativeTarget "Weather" */ = {
			isa = XCConfigurationList;
			buildConfigurations = (
				65065A7C2BF3A9750004AEF2 /* Debug */,
				65065A7D2BF3A9750004AEF2 /* Release */,
			);
			defaultConfigurationIsVisible = 0;
			defaultConfigurationName = Release;
		};
/* End XCConfigurationList section */

/* Begin XCRemoteSwiftPackageReference section */
		655BE36F2BF3B7B1001D8F29 /* XCRemoteSwiftPackageReference "RxSwift" */ = {
			isa = XCRemoteSwiftPackageReference;
			repositoryURL = "https://github.com/ReactiveX/RxSwift";
			requirement = {
				kind = upToNextMajorVersion;
				minimumVersion = 6.7.1;
			};
		};
/* End XCRemoteSwiftPackageReference section */
	};
	rootObject = 65065A492BF3A9740004AEF2 /* Project object */;
}
